
Microsoft Visual Studio Solution File, Format Version 11.00
# Visual Studio 2010
Project("{8BC9CEB8-8B4A-11D0-8D11-00A0C91BC942}") = "POJ1753", "POJ1753\POJ1753.vcxproj", "{61E34A04-FB93-4CD4-A5A2-7ADF4CAE9F75}"
EndProject
Global
	GlobalSection(SolutionConfigurationPlatforms) = preSolution
		Debug|Win32 = Debug|Win32
		Release|Win32 = Release|Win32
	EndGlobalSection
	GlobalSection(ProjectConfigurationPlatforms) = postSolution
		{61E34A04-FB93-4CD4-A5A2-7ADF4CAE9F75}.Debug|Win32.ActiveCfg = Debug|Win32
		{61E34A04-FB93-4CD4-A5A2-7ADF4CAE9F75}.Debug|Win32.Build.0 = Debug|Win32
		{61E34A04-FB93-4CD4-A5A2-7ADF4CAE9F75}.Release|Win32.ActiveCfg = Release|Win32
		{61E34A04-FB93-4CD4-A5A2-7ADF4CAE9F75}.Release|Win32.Build.0 = Release|Win32
	EndGlobalSection
	GlobalSection(SolutionProperties) = preSolution
		HideSolutionNode = FALSE
	EndGlobalSection
EndGlobal
